
Microsoft Visual Studio Solution File, Format Version 12.00
# Visual Studio Version 17
VisualStudioVersion = 17.9.34728.123
MinimumVisualStudioVersion = 10.0.40219.1
Project("{FAE04EC0-301F-11D3-BF4B-00C04F79EFBC}") = "AspDotNetCore", "AspDotNetCore\AspDotNetCore.csproj", "{2AC8A955-F3BD-4B34-8F60-0B128251AB48}"
EndProject
Global
	GlobalSection(SolutionConfigurationPlatforms) = preSolution
		Debug|Any CPU = Debug|Any CPU
		Release|Any CPU = Release|Any CPU
	EndGlobalSection
	GlobalSection(ProjectConfigurationPlatforms) = postSolution
		{2AC8A955-F3BD-4B34-8F60-0B128251AB48}.Debug|Any CPU.ActiveCfg = Debug|Any CPU
		{2AC8A955-F3BD-4B34-8F60-0B128251AB48}.Debug|Any CPU.Build.0 = Debug|Any CPU
		{2AC8A955-F3BD-4B34-8F60-0B128251AB48}.Release|Any CPU.ActiveCfg = Release|Any CPU
		{2AC8A955-F3BD-4B34-8F60-0B128251AB48}.Release|Any CPU.Build.0 = Release|Any CPU
	EndGlobalSection
	GlobalSection(SolutionProperties) = preSolution
		HideSolutionNode = FALSE
	EndGlobalSection
	GlobalSection(ExtensibilityGlobals) = postSolution
		SolutionGuid = {288EC870-D965-4A67-9F4B-FDC8473C2BC7}
	EndGlobalSection
EndGlobal
